<?xml version="1.0" encoding="utf-8"?>
<Project ToolsVersion="4.0" xmlns="http://schemas.microsoft.com/developer/msbuild/2003">
  <ItemGroup>
    <Filter Include="Исходные файлы">
      <UniqueIdentifier>{4FC737F1-C7A5-4376-A066-2A32D752A2FF}</UniqueIdentifier>
      <Extensions>cpp;c;cc;cxx;c++;cppm;ixx;def;odl;idl;hpj;bat;asm;asmx</Extensions>
    </Filter>
    <Filter Include="Файлы заголовков">
      <UniqueIdentifier>{93995380-89BD-4b04-88EB-625FBE52EBFB}</UniqueIdentifier>
      <Extensions>h;hh;hpp;hxx;h++;hm;inl;inc;ipp;xsd</Extensions>
    </Filter>
    <Filter Include="Файлы ресурсов">
      <UniqueIdentifier>{67DA6AB6-F800-4c08-8B7A-83BB121AAD01}</UniqueIdentifier>
      <Extensions>rc;ico;cur;bmp;dlg;rc2;rct;bin;rgs;gif;jpg;jpeg;jpe;resx;tiff;tif;png;wav;mfcribbon-ms</Extensions>
    </Filter>
    <Filter Include="ButtonsFunctions">
      <UniqueIdentifier>{356933ae-e50c-40e2-bec8-e89ed551a566}</UniqueIdentifier>
    </Filter>
    <Filter Include="Game">
      <UniqueIdentifier>{16a81d05-897b-4180-8b76-952c807c8abe}</UniqueIdentifier>
    </Filter>
    <Filter Include="Game\TileMap">
      <UniqueIdentifier>{d0601e38-3de5-43ca-9c20-2f080a16d6dd}</UniqueIdentifier>
    </Filter>
    <Filter Include="Game\TileMap\TilePanel">
      <UniqueIdentifier>{564169d9-e1d2-4033-b7ae-98ec056ee3b9}</UniqueIdentifier>
    </Filter>
    <Filter Include="Game\SelectedTile">
      <UniqueIdentifier>{bf75c79d-36cd-473f-85cd-e279197e8574}</UniqueIdentifier>
    </Filter>
    <Filter Include="Game\Platform">
      <UniqueIdentifier>{bbec67bc-827b-4908-911e-a5eb6a775d52}</UniqueIdentifier>
    </Filter>
    <Filter Include="notes">
      <UniqueIdentifier>{7e3b5e05-5b0c-4b29-891c-c8770b340031}</UniqueIdentifier>
    </Filter>
    <Filter Include="Settings">
      <UniqueIdentifier>{ad125c18-905c-4a9e-9ece-b244fee95db1}</UniqueIdentifier>
    </Filter>
    <Filter Include="SliderBar">
      <UniqueIdentifier>{5234b18a-2555-434c-8f35-b5825281d02a}</UniqueIdentifier>
    </Filter>
    <Filter Include="Game\Jammed">
      <UniqueIdentifier>{b06954b1-6849-43df-849b-6d70a1ab9202}</UniqueIdentifier>
    </Filter>
    <Filter Include="InterfaceObj">
      <UniqueIdentifier>{2c066915-e2ab-4fa9-ac83-229c4bad9477}</UniqueIdentifier>
    </Filter>
    <Filter Include="Input">
      <UniqueIdentifier>{37f89d53-d085-4fbe-b599-d0917b4dd369}</UniqueIdentifier>
    </Filter>
  </ItemGroup>
  <ItemGroup>
    <ClCompile Include="Source.cpp">
      <Filter>Исходные файлы</Filter>
    </ClCompile>
    <ClCompile Include="ButtonsFunctions.cpp">
      <Filter>ButtonsFunctions</Filter>
    </ClCompile>
    <ClCompile Include="ButtonsLoader.cpp">
      <Filter>ButtonsFunctions</Filter>
    </ClCompile>
    <ClCompile Include="Game.cpp">
      <Filter>Game</Filter>
    </ClCompile>
    <ClCompile Include="TileMap.cpp">
      <Filter>Game\TileMap</Filter>
    </ClCompile>
    <ClCompile Include="TilePanel.cpp">
      <Filter>Game\TileMap\TilePanel</Filter>
    </ClCompile>
    <ClCompile Include="SelectedTile.cpp">
      <Filter>Game\SelectedTile</Filter>
    </ClCompile>
    <ClCompile Include="Platform.cpp">
      <Filter>Game\Platform</Filter>
    </ClCompile>
    <ClCompile Include="Settings.cpp">
      <Filter>Settings</Filter>
    </ClCompile>
    <ClCompile Include="SliderBar.cpp">
      <Filter>SliderBar</Filter>
    </ClCompile>
    <ClCompile Include="Jammed.cpp">
      <Filter>Game\Jammed</Filter>
    </ClCompile>
    <ClCompile Include="interfaceobj.cpp">
      <Filter>InterfaceObj</Filter>
    </ClCompile>
    <ClCompile Include="Input.cpp">
      <Filter>Input</Filter>
    </ClCompile>
  </ItemGroup>
  <ItemGroup>
    <ClInclude Include="Jammed.h">
      <Filter>Game\Jammed</Filter>
    </ClInclude>
    <ClInclude Include="Platform.h">
      <Filter>Game\Platform</Filter>
    </ClInclude>
    <ClInclude Include="ButtonsFunctions.h">
      <Filter>ButtonsFunctions</Filter>
    </ClInclude>
    <ClInclude Include="SelectedTile.h">
      <Filter>Game\SelectedTile</Filter>
    </ClInclude>
    <ClInclude Include="TilePanel.h">
      <Filter>Game\TileMap\TilePanel</Filter>
    </ClInclude>
    <ClInclude Include="TileMap.h">
      <Filter>Game\TileMap</Filter>
    </ClInclude>
    <ClInclude Include="Game.h">
      <Filter>Game</Filter>
    </ClInclude>
    <ClInclude Include="Input.h">
      <Filter>Input</Filter>
    </ClInclude>
    <ClInclude Include="interfaceobj.h">
      <Filter>InterfaceObj</Filter>
    </ClInclude>
    <ClInclude Include="Settings.h">
      <Filter>Settings</Filter>
    </ClInclude>
    <ClInclude Include="SliderBar.h">
      <Filter>SliderBar</Filter>
    </ClInclude>
    <ClInclude Include="Header.h">
      <Filter>Файлы заголовков</Filter>
    </ClInclude>
    <ClInclude Include="Libs.h">
      <Filter>Файлы заголовков</Filter>
    </ClInclude>
  </ItemGroup>
  <ItemGroup>
    <None Include="notes\buttons.json">
      <Filter>notes</Filter>
    </None>
    <None Include="notes\settings.json">
      <Filter>notes</Filter>
    </None>
  </ItemGroup>
</Project>