
Microsoft Visual Studio Solution File, Format Version 12.00
# Visual Studio Version 17
VisualStudioVersion = 17.8.34330.188
MinimumVisualStudioVersion = 10.0.40219.1
Project("{8BC9CEB8-8B4A-11D0-8D11-00A0C91BC942}") = "Project10", "Project10\Project10.vcxproj", "{2B4F718E-DD3C-4EA2-9BAB-61B3907CB405}"
EndProject
Global
	GlobalSection(SolutionConfigurationPlatforms) = preSolution
		Debug|x64 = Debug|x64
		Debug|x86 = Debug|x86
		Release|x64 = Release|x64
		Release|x86 = Release|x86
	EndGlobalSection
	GlobalSection(ProjectConfigurationPlatforms) = postSolution
		{2B4F718E-DD3C-4EA2-9BAB-61B3907CB405}.Debug|x64.ActiveCfg = Debug|x64
		{2B4F718E-DD3C-4EA2-9BAB-61B3907CB405}.Debug|x64.Build.0 = Debug|x64
		{2B4F718E-DD3C-4EA2-9BAB-61B3907CB405}.Debug|x86.ActiveCfg = Debug|Win32
		{2B4F718E-DD3C-4EA2-9BAB-61B3907CB405}.Debug|x86.Build.0 = Debug|Win32
		{2B4F718E-DD3C-4EA2-9BAB-61B3907CB405}.Release|x64.ActiveCfg = Release|x64
		{2B4F718E-DD3C-4EA2-9BAB-61B3907CB405}.Release|x64.Build.0 = Release|x64
		{2B4F718E-DD3C-4EA2-9BAB-61B3907CB405}.Release|x86.ActiveCfg = Release|Win32
		{2B4F718E-DD3C-4EA2-9BAB-61B3907CB405}.Release|x86.Build.0 = Release|Win32
	EndGlobalSection
	GlobalSection(SolutionProperties) = preSolution
		HideSolutionNode = FALSE
	EndGlobalSection
	GlobalSection(ExtensibilityGlobals) = postSolution
		SolutionGuid = {D1F9A3A9-15AD-4EA2-861C-C5F1FF99C771}
	EndGlobalSection
EndGlobal
